<Solution>
  <Project Path="../ejercicio2/ejercicio2.csproj" />
  <Project Path="../ejercicio3/ejercicio3.csproj" />
  <Project Path="../ejercicio4/ejercicio4.csproj" />
  <Project Path="../ejercicio5/ejercicio5.csproj" />
  <Project Path="../EP1/EP1.csproj" />
  <Project Path="../EP2/EP2.csproj" />
  <Project Path="../EP3/EP3.csproj" />
  <Project Path="ejercicio1/ejercicio1.csproj" />
</Solution>
